
Microsoft Visual Studio Solution File, Format Version 12.00
# Visual Studio Version 17
VisualStudioVersion = 17.1.32319.34
MinimumVisualStudioVersion = 10.0.40219.1
Project("{9A19103F-16F7-4668-BE54-9A1E7A4F7556}") = "ValidacaoSenhaWebAPI", "ValidacaoSenhaWebAPI\ValidacaoSenhaWebAPI.csproj", "{A601B7A2-9521-4BEE-823B-D9C4924F7D0C}"
EndProject
Project("{FAE04EC0-301F-11D3-BF4B-00C04F79EFBC}") = "ValidacaoSenhaTest", "ValidacaoSenhaTest\ValidacaoSenhaTest.csproj", "{DFBDCAF3-0253-4D35-B5D8-D5448442827D}"
EndProject
Global
	GlobalSection(SolutionConfigurationPlatforms) = preSolution
		Debug|Any CPU = Debug|Any CPU
		Release|Any CPU = Release|Any CPU
	EndGlobalSection
	GlobalSection(ProjectConfigurationPlatforms) = postSolution
		{A601B7A2-9521-4BEE-823B-D9C4924F7D0C}.Debug|Any CPU.ActiveCfg = Debug|Any CPU
		{A601B7A2-9521-4BEE-823B-D9C4924F7D0C}.Debug|Any CPU.Build.0 = Debug|Any CPU
		{A601B7A2-9521-4BEE-823B-D9C4924F7D0C}.Release|Any CPU.ActiveCfg = Release|Any CPU
		{A601B7A2-9521-4BEE-823B-D9C4924F7D0C}.Release|Any CPU.Build.0 = Release|Any CPU
		{DFBDCAF3-0253-4D35-B5D8-D5448442827D}.Debug|Any CPU.ActiveCfg = Debug|Any CPU
		{DFBDCAF3-0253-4D35-B5D8-D5448442827D}.Debug|Any CPU.Build.0 = Debug|Any CPU
		{DFBDCAF3-0253-4D35-B5D8-D5448442827D}.Release|Any CPU.ActiveCfg = Release|Any CPU
		{DFBDCAF3-0253-4D35-B5D8-D5448442827D}.Release|Any CPU.Build.0 = Release|Any CPU
	EndGlobalSection
	GlobalSection(SolutionProperties) = preSolution
		HideSolutionNode = FALSE
	EndGlobalSection
	GlobalSection(ExtensibilityGlobals) = postSolution
		SolutionGuid = {294F5E18-B4E8-4745-AB16-3A246E36749B}
	EndGlobalSection
EndGlobal
